{
  "name": "@web-atoms/samples",
  "version": "1.1.41",
  "lockfileVersion": 1,
  "requires": true,
  "dependencies": {
    "@web-atoms/core": {
      "version": "1.1.119",
      "resolved": "https://registry.npmjs.org/@web-atoms/core/-/core-1.1.119.tgz",
      "integrity": "sha512-FqbJ1MVmyobdDQRvOgNCSK2Pf3mSpeybjHjssEWpJR6B6eoRW2Oqg/c9ocrLliES66Gloz7yvhGxuq/MUnkHMQ==",
      "requires": {
        "@web-atoms/date-time": "^1.0.23",
        "reflect-metadata": "^0.1.13"
      }
    },
    "@web-atoms/date-time": {
      "version": "1.0.23",
      "resolved": "https://registry.npmjs.org/@web-atoms/date-time/-/date-time-1.0.23.tgz",
      "integrity": "sha512-VEcfBoxArgFl7y2jKrU3pB57Ikzg1Xq7H3vJAhLhfTuMfO+/dOf8BdYKUhY5vhEclsBULe139a1ctxI/yLryyQ=="
    },
    "@web-atoms/font-awesome": {
      "version": "1.0.20",
      "resolved": "https://registry.npmjs.org/@web-atoms/font-awesome/-/font-awesome-1.0.20.tgz",
      "integrity": "sha512-x95dctWNSiJXENO9D6ZPpYSTWc12hCcC5P2Orq0F1uMu3YPk0O6J9ZQPnetXAirBQrYvEcy+HjLPbge8KSn2FA==",
      "requires": {
        "@web-atoms/core": "^1.1.27"
      }
    },
    "@web-atoms/module-loader": {
      "version": "1.0.410",
      "resolved": "https://registry.npmjs.org/@web-atoms/module-loader/-/module-loader-1.0.410.tgz",
      "integrity": "sha512-i1I8roc1Z/8NXMof8VmEBFcNwUtaexnCiHBMea4R5fAnUdsIT1f2Oabiiz2wup2R7FXmqFf0G2oM+3NZyK1wrQ=="
    },
    "@web-atoms/web-controls": {
      "version": "1.1.22",
      "resolved": "https://registry.npmjs.org/@web-atoms/web-controls/-/web-controls-1.1.22.tgz",
      "integrity": "sha512-VMPjjHQYhc3iR320CaDpqx7PcK7poTgjcQid1xSQUYtWNwCMnaiXDpbSN12Ree+yOtYGts93qs7HjPY+rhz9dg==",
      "requires": {
        "@web-atoms/core": "^1.0.998",
        "@web-atoms/date-time": "^1.0.21",
        "@web-atoms/module-loader": "^1.0.377",
        "reflect-metadata": "^0.1.13"
      }
    },
    "@web-atoms/xf-controls": {
      "version": "1.0.120",
      "resolved": "https://registry.npmjs.org/@web-atoms/xf-controls/-/xf-controls-1.0.120.tgz",
      "integrity": "sha512-2MZ8rAdtzbUnXnYW9NzTwioqDB4AGqPDAYepyHszaJcfdTFrWwoNduGlLdXwR6gWh07t916g8ZY6NPhBlvhgig==",
      "requires": {
        "@web-atoms/core": "^1.1.108",
        "@web-atoms/date-time": "1.0.21",
        "@web-atoms/font-awesome": "^1.0.19",
        "@web-atoms/module-loader": "^1.0.408"
      },
      "dependencies": {
        "@web-atoms/date-time": {
          "version": "1.0.21",
          "resolved": "https://registry.npmjs.org/@web-atoms/date-time/-/date-time-1.0.21.tgz",
          "integrity": "sha512-8cO6U9YVXOOu3YxsbhSlEVTJ8MNR8Nt/GqxmYpWKV/VTdAq6pUPmKTbe9OHJNZzCQirHrtOXpqXKhvTrKS0NzQ=="
        }
      }
    },
    "@web-atoms/xf-samples": {
      "version": "1.0.58",
      "resolved": "https://registry.npmjs.org/@web-atoms/xf-samples/-/xf-samples-1.0.58.tgz",
      "integrity": "sha512-y70mO8Fob2ODiMvevkpe+ZweiKxTMLX6Zi6hBUCQpijgG2f7pnDeZ/UzPrklWCAn+BA9UVydhvg+qPQQm008Wg==",
      "requires": {
        "@web-atoms/core": "^1.1.108",
        "@web-atoms/date-time": "^1.0.23",
        "@web-atoms/font-awesome": "^1.0.19",
        "@web-atoms/module-loader": "^1.0.408",
        "@web-atoms/xf-controls": "^1.0.115",
        "reflect-metadata": "^0.1.13"
      }
    },
    "reflect-metadata": {
      "version": "0.1.13",
      "resolved": "https://registry.npmjs.org/reflect-metadata/-/reflect-metadata-0.1.13.tgz",
      "integrity": "sha512-Ts1Y/anZELhSsjMcU605fU9RE4Oi3p5ORujwbIKXfWa+0Zxs510Qrmrce5/Jowq3cHSZSJqBjypxmHarc+vEWg=="
    }
  }
}
