{
  "name": "web-atoms-samples",
  "version": "1.0.57",
  "lockfileVersion": 1,
  "requires": true,
  "dependencies": {
    "@web-atoms/web-controls": {
      "version": "1.0.10",
      "resolved": "https://registry.npmjs.org/@web-atoms/web-controls/-/web-controls-1.0.10.tgz",
      "integrity": "sha512-BKKQe/VnzQUN1Cr3kp94N5GZK+6ImjgUIttkMkwe0BSZYbLHi9rmmysdtJJkCTjEyQPpILlqlVsWHOttof982g==",
      "requires": {
        "reflect-metadata": "0.1.13",
        "web-atoms-amd-loader": "1.0.183",
        "web-atoms-core": "1.0.614"
      }
    },
    "@web-atoms/xf-controls": {
      "version": "1.0.31",
      "resolved": "https://registry.npmjs.org/@web-atoms/xf-controls/-/xf-controls-1.0.31.tgz",
      "integrity": "sha512-fRerSyV7+RvG6kkd8qKOQTe3uBM5YtzcslCBf9iGM2YbF6vVbgnhN6qt3w/cvBgrgkatyPY+ZmKZAUPZSQWytg==",
      "requires": {
        "web-atoms-core": "1.0.614"
      }
    },
    "golden-layout": {
      "version": "1.5.9",
      "resolved": "https://registry.npmjs.org/golden-layout/-/golden-layout-1.5.9.tgz",
      "integrity": "sha1-o5vB9qZ+b4hreXwBbdkk6UJrp38=",
      "requires": {
        "jquery": "3.3.1"
      }
    },
    "jquery": {
      "version": "3.3.1",
      "resolved": "https://registry.npmjs.org/jquery/-/jquery-3.3.1.tgz",
      "integrity": "sha512-Ubldcmxp5np52/ENotGxlLe6aGMvmF4R8S6tZjsP6Knsaxd/xp3Zrh50cG93lR6nPXyUFwzN3ZSOQI0wRJNdGg=="
    },
    "reflect-metadata": {
      "version": "0.1.13",
      "resolved": "https://registry.npmjs.org/reflect-metadata/-/reflect-metadata-0.1.13.tgz",
      "integrity": "sha512-Ts1Y/anZELhSsjMcU605fU9RE4Oi3p5ORujwbIKXfWa+0Zxs510Qrmrce5/Jowq3cHSZSJqBjypxmHarc+vEWg=="
    },
    "web-atoms-amd-loader": {
      "version": "1.0.183",
      "resolved": "https://registry.npmjs.org/web-atoms-amd-loader/-/web-atoms-amd-loader-1.0.183.tgz",
      "integrity": "sha512-GWZcP/VTaKxpgHgwJb1hstPQyZxaa4+1UXg0e9iYkZwTHuylbnQHfE3pPRj1mjPUGqhhdRVypipW/FW6eqTAag=="
    },
    "web-atoms-core": {
      "version": "1.0.614",
      "resolved": "https://registry.npmjs.org/web-atoms-core/-/web-atoms-core-1.0.614.tgz",
      "integrity": "sha512-+nNhJ88AfZbMPZAnpaubdBLdA6SbsWIB1iqcCJNB3rX8JObV7NtA3tnWe/qeX4KzFR/frfHfgZLCZmmywFJSyA==",
      "requires": {
        "golden-layout": "1.5.9",
        "jquery": "3.3.1",
        "reflect-metadata": "0.1.13"
      }
    }
  }
}
