{
  "name": "@web-atoms/samples",
  "version": "2.0.29",
  "lockfileVersion": 2,
  "requires": true,
  "packages": {
    "": {
      "name": "@web-atoms/samples",
      "version": "2.0.29",
      "bundleDependencies": [
        "@web-atoms/core",
        "@web-atoms/date-time",
        "@web-atoms/module-loader",
        "@web-atoms/web-controls"
      ],
      "license": "ISC",
      "dependencies": {
        "@web-atoms/core": "^2.1.378",
        "@web-atoms/date-time": "^1.0.29",
        "@web-atoms/module-loader": "^2.0.44",
        "@web-atoms/web-controls": "^2.1.272",
        "reflect-metadata": "^0.1.13"
      }
    },
    "node_modules/@web-atoms/core": {
      "version": "2.1.378",
      "resolved": "https://registry.npmjs.org/@web-atoms/core/-/core-2.1.378.tgz",
      "integrity": "sha512-oBIQhZ7xAfG+uYHw6Xt2pYQ9WndP3CF4e6S77Dj7OtC22eeKjOeXAKOcdHc/3lFgYVCLLqD49d8MsxoLWESx9Q==",
      "inBundle": true,
      "dependencies": {
        "@web-atoms/date-time": "^1.0.26",
        "reflect-metadata": "^0.1.13"
      }
    },
    "node_modules/@web-atoms/date-time": {
      "version": "1.0.29",
      "resolved": "https://registry.npmjs.org/@web-atoms/date-time/-/date-time-1.0.29.tgz",
      "integrity": "sha512-ovS+iumk4oRqlg4g3JvmUxx8k031di0bCnnRMBR8hcQSYjlQ54/Tk8ncLpghFpch8sc0Px9fREW54EY1Gh6zjg==",
      "inBundle": true
    },
    "node_modules/@web-atoms/module-loader": {
      "version": "2.0.44",
      "resolved": "https://registry.npmjs.org/@web-atoms/module-loader/-/module-loader-2.0.44.tgz",
      "integrity": "sha512-9CBri2QCjoLwNImS1T5Z2qvV/buW3CptgNbPII9ZxExLmamVyLVm5fsj1cZGPD8AUI/kQJhlNWILZtGLPFKGBQ==",
      "inBundle": true
    },
    "node_modules/@web-atoms/web-controls": {
      "version": "2.1.272",
      "resolved": "https://registry.npmjs.org/@web-atoms/web-controls/-/web-controls-2.1.272.tgz",
      "integrity": "sha512-11zF0K5VOmRS9/0S4oVky9j8PgulPqxUuJpJEYg6hU3qBDzkq8WPFtIrN2Pn1NPbNqCask7DJTvhvcTucvMyMg==",
      "inBundle": true,
      "dependencies": {
        "@web-atoms/core": "^2.1.370",
        "@web-atoms/date-time": "^1.0.26",
        "@web-atoms/module-loader": "^2.0.36",
        "reflect-metadata": "^0.1.13"
      }
    },
    "node_modules/reflect-metadata": {
      "version": "0.1.13",
      "resolved": "https://registry.npmjs.org/reflect-metadata/-/reflect-metadata-0.1.13.tgz",
      "integrity": "sha512-Ts1Y/anZELhSsjMcU605fU9RE4Oi3p5ORujwbIKXfWa+0Zxs510Qrmrce5/Jowq3cHSZSJqBjypxmHarc+vEWg==",
      "inBundle": true
    }
  },
  "dependencies": {
    "@web-atoms/core": {
      "version": "2.1.378",
      "resolved": "https://registry.npmjs.org/@web-atoms/core/-/core-2.1.378.tgz",
      "integrity": "sha512-oBIQhZ7xAfG+uYHw6Xt2pYQ9WndP3CF4e6S77Dj7OtC22eeKjOeXAKOcdHc/3lFgYVCLLqD49d8MsxoLWESx9Q==",
      "requires": {
        "@web-atoms/date-time": "^1.0.26",
        "reflect-metadata": "^0.1.13"
      }
    },
    "@web-atoms/date-time": {
      "version": "1.0.29",
      "resolved": "https://registry.npmjs.org/@web-atoms/date-time/-/date-time-1.0.29.tgz",
      "integrity": "sha512-ovS+iumk4oRqlg4g3JvmUxx8k031di0bCnnRMBR8hcQSYjlQ54/Tk8ncLpghFpch8sc0Px9fREW54EY1Gh6zjg=="
    },
    "@web-atoms/module-loader": {
      "version": "2.0.44",
      "resolved": "https://registry.npmjs.org/@web-atoms/module-loader/-/module-loader-2.0.44.tgz",
      "integrity": "sha512-9CBri2QCjoLwNImS1T5Z2qvV/buW3CptgNbPII9ZxExLmamVyLVm5fsj1cZGPD8AUI/kQJhlNWILZtGLPFKGBQ=="
    },
    "@web-atoms/web-controls": {
      "version": "2.1.272",
      "resolved": "https://registry.npmjs.org/@web-atoms/web-controls/-/web-controls-2.1.272.tgz",
      "integrity": "sha512-11zF0K5VOmRS9/0S4oVky9j8PgulPqxUuJpJEYg6hU3qBDzkq8WPFtIrN2Pn1NPbNqCask7DJTvhvcTucvMyMg==",
      "requires": {
        "@web-atoms/core": "^2.1.370",
        "@web-atoms/date-time": "^1.0.26",
        "@web-atoms/module-loader": "^2.0.36",
        "reflect-metadata": "^0.1.13"
      }
    },
    "reflect-metadata": {
      "version": "0.1.13",
      "resolved": "https://registry.npmjs.org/reflect-metadata/-/reflect-metadata-0.1.13.tgz",
      "integrity": "sha512-Ts1Y/anZELhSsjMcU605fU9RE4Oi3p5ORujwbIKXfWa+0Zxs510Qrmrce5/Jowq3cHSZSJqBjypxmHarc+vEWg=="
    }
  }
}
